
Microsoft Visual Studio Solution File, Format Version 12.00
# Visual Studio Version 17
VisualStudioVersion = 17.6.33829.357
MinimumVisualStudioVersion = 10.0.40219.1
Project("{9A19103F-16F7-4668-BE54-9A1E7A4F7556}") = "WalletApp.Domain", "WalletApp.Domain\WalletApp.Domain.csproj", "{147D2247-8075-466D-BEE2-97EA85490DAA}"
EndProject
Project("{9A19103F-16F7-4668-BE54-9A1E7A4F7556}") = "WalletApp.Api", "WalletApp.Api\WalletApp.Api.csproj", "{3E697DC3-8292-4D81-9722-9A144C5C3338}"
	ProjectSection(ProjectDependencies) = postProject
		{43BAC295-0534-4636-BB98-36F5217A462B} = {43BAC295-0534-4636-BB98-36F5217A462B}
	EndProjectSection
EndProject
Project("{9A19103F-16F7-4668-BE54-9A1E7A4F7556}") = "WalletApp.Application", "WalletApp.Application\WalletApp.Application.csproj", "{43BAC295-0534-4636-BB98-36F5217A462B}"
EndProject
Global
	GlobalSection(SolutionConfigurationPlatforms) = preSolution
		Debug|Any CPU = Debug|Any CPU
		Release|Any CPU = Release|Any CPU
	EndGlobalSection
	GlobalSection(ProjectConfigurationPlatforms) = postSolution
		{147D2247-8075-466D-BEE2-97EA85490DAA}.Debug|Any CPU.ActiveCfg = Debug|Any CPU
		{147D2247-8075-466D-BEE2-97EA85490DAA}.Debug|Any CPU.Build.0 = Debug|Any CPU
		{147D2247-8075-466D-BEE2-97EA85490DAA}.Release|Any CPU.ActiveCfg = Release|Any CPU
		{147D2247-8075-466D-BEE2-97EA85490DAA}.Release|Any CPU.Build.0 = Release|Any CPU
		{3E697DC3-8292-4D81-9722-9A144C5C3338}.Debug|Any CPU.ActiveCfg = Debug|Any CPU
		{3E697DC3-8292-4D81-9722-9A144C5C3338}.Debug|Any CPU.Build.0 = Debug|Any CPU
		{3E697DC3-8292-4D81-9722-9A144C5C3338}.Release|Any CPU.ActiveCfg = Release|Any CPU
		{3E697DC3-8292-4D81-9722-9A144C5C3338}.Release|Any CPU.Build.0 = Release|Any CPU
		{43BAC295-0534-4636-BB98-36F5217A462B}.Debug|Any CPU.ActiveCfg = Debug|Any CPU
		{43BAC295-0534-4636-BB98-36F5217A462B}.Debug|Any CPU.Build.0 = Debug|Any CPU
		{43BAC295-0534-4636-BB98-36F5217A462B}.Release|Any CPU.ActiveCfg = Release|Any CPU
		{43BAC295-0534-4636-BB98-36F5217A462B}.Release|Any CPU.Build.0 = Release|Any CPU
	EndGlobalSection
	GlobalSection(SolutionProperties) = preSolution
		HideSolutionNode = FALSE
	EndGlobalSection
	GlobalSection(ExtensibilityGlobals) = postSolution
		SolutionGuid = {250207A8-27D0-4E17-9822-4917970596E9}
	EndGlobalSection
EndGlobal
